
Microsoft Visual Studio Solution File, Format Version 12.00
# Visual Studio Version 16
VisualStudioVersion = 16.0.30517.126
MinimumVisualStudioVersion = 10.0.40219.1
Project("{2150E333-8FDC-42A3-9474-1A3956D46DE8}") = "Controller", "Controller", "{0D08EACD-B874-4E3F-BC28-59A94B4191EB}"
EndProject
Project("{2150E333-8FDC-42A3-9474-1A3956D46DE8}") = "Model", "Model", "{7C65AF43-592F-4FE2-915C-A80A67228C91}"
EndProject
Project("{9A19103F-16F7-4668-BE54-9A1E7A4F7556}") = "ControllerProject", "ControllerProject\ControllerProject.csproj", "{62AC7B3A-142E-4B68-905D-71EC5698F56D}"
EndProject
Project("{9A19103F-16F7-4668-BE54-9A1E7A4F7556}") = "ModelProject", "ModelProject\ModelProject.csproj", "{4123F3FC-D876-4D09-B4AF-3120388CCCF3}"
EndProject
Project("{9A19103F-16F7-4668-BE54-9A1E7A4F7556}") = "Main", "Main\Main.csproj", "{53ADFE99-7DBD-4C99-8AFE-6FC9C294B848}"
EndProject
Project("{2150E333-8FDC-42A3-9474-1A3956D46DE8}") = "View", "View", "{D38965F0-B075-4FA4-850E-E93CE0EAEB92}"
EndProject
Project("{FAE04EC0-301F-11D3-BF4B-00C04F79EFBC}") = "ViewProject", "ViewProject\ViewProject.csproj", "{C2158640-D671-4965-9942-7D2364D628FA}"
EndProject
Global
	GlobalSection(SolutionConfigurationPlatforms) = preSolution
		Debug|Any CPU = Debug|Any CPU
		Release|Any CPU = Release|Any CPU
	EndGlobalSection
	GlobalSection(ProjectConfigurationPlatforms) = postSolution
		{62AC7B3A-142E-4B68-905D-71EC5698F56D}.Debug|Any CPU.ActiveCfg = Debug|Any CPU
		{62AC7B3A-142E-4B68-905D-71EC5698F56D}.Debug|Any CPU.Build.0 = Debug|Any CPU
		{62AC7B3A-142E-4B68-905D-71EC5698F56D}.Release|Any CPU.ActiveCfg = Release|Any CPU
		{62AC7B3A-142E-4B68-905D-71EC5698F56D}.Release|Any CPU.Build.0 = Release|Any CPU
		{4123F3FC-D876-4D09-B4AF-3120388CCCF3}.Debug|Any CPU.ActiveCfg = Debug|Any CPU
		{4123F3FC-D876-4D09-B4AF-3120388CCCF3}.Debug|Any CPU.Build.0 = Debug|Any CPU
		{4123F3FC-D876-4D09-B4AF-3120388CCCF3}.Release|Any CPU.ActiveCfg = Release|Any CPU
		{4123F3FC-D876-4D09-B4AF-3120388CCCF3}.Release|Any CPU.Build.0 = Release|Any CPU
		{53ADFE99-7DBD-4C99-8AFE-6FC9C294B848}.Debug|Any CPU.ActiveCfg = Debug|Any CPU
		{53ADFE99-7DBD-4C99-8AFE-6FC9C294B848}.Debug|Any CPU.Build.0 = Debug|Any CPU
		{53ADFE99-7DBD-4C99-8AFE-6FC9C294B848}.Release|Any CPU.ActiveCfg = Release|Any CPU
		{53ADFE99-7DBD-4C99-8AFE-6FC9C294B848}.Release|Any CPU.Build.0 = Release|Any CPU
		{C2158640-D671-4965-9942-7D2364D628FA}.Debug|Any CPU.ActiveCfg = Debug|Any CPU
		{C2158640-D671-4965-9942-7D2364D628FA}.Debug|Any CPU.Build.0 = Debug|Any CPU
		{C2158640-D671-4965-9942-7D2364D628FA}.Release|Any CPU.ActiveCfg = Release|Any CPU
		{C2158640-D671-4965-9942-7D2364D628FA}.Release|Any CPU.Build.0 = Release|Any CPU
	EndGlobalSection
	GlobalSection(SolutionProperties) = preSolution
		HideSolutionNode = FALSE
	EndGlobalSection
	GlobalSection(NestedProjects) = preSolution
		{62AC7B3A-142E-4B68-905D-71EC5698F56D} = {0D08EACD-B874-4E3F-BC28-59A94B4191EB}
		{4123F3FC-D876-4D09-B4AF-3120388CCCF3} = {7C65AF43-592F-4FE2-915C-A80A67228C91}
		{C2158640-D671-4965-9942-7D2364D628FA} = {D38965F0-B075-4FA4-850E-E93CE0EAEB92}
	EndGlobalSection
	GlobalSection(ExtensibilityGlobals) = postSolution
		SolutionGuid = {3E028BDB-C123-4478-A0C7-438B7849F2CB}
	EndGlobalSection
EndGlobal
